
Microsoft Visual Studio Solution File, Format Version 12.00
# Visual Studio Version 17
VisualStudioVersion = 17.5.002.0
MinimumVisualStudioVersion = 10.0.40219.1
Project("{9A19103F-16F7-4668-BE54-9A1E7A4F7556}") = "HelloUser", "HelloUser\HelloUser.csproj", "{DD6DB93D-EADF-469B-B13C-8023ED2B49DB}"
EndProject
Global
	GlobalSection(SolutionConfigurationPlatforms) = preSolution
		Debug|Any CPU = Debug|Any CPU
		Release|Any CPU = Release|Any CPU
	EndGlobalSection
	GlobalSection(ProjectConfigurationPlatforms) = postSolution
		{DD6DB93D-EADF-469B-B13C-8023ED2B49DB}.Debug|Any CPU.ActiveCfg = Debug|Any CPU
		{DD6DB93D-EADF-469B-B13C-8023ED2B49DB}.Debug|Any CPU.Build.0 = Debug|Any CPU
		{DD6DB93D-EADF-469B-B13C-8023ED2B49DB}.Release|Any CPU.ActiveCfg = Release|Any CPU
		{DD6DB93D-EADF-469B-B13C-8023ED2B49DB}.Release|Any CPU.Build.0 = Release|Any CPU
	EndGlobalSection
	GlobalSection(SolutionProperties) = preSolution
		HideSolutionNode = FALSE
	EndGlobalSection
	GlobalSection(ExtensibilityGlobals) = postSolution
		SolutionGuid = {A9F60C6E-7DE5-45D4-B378-B2D914613EC9}
	EndGlobalSection
EndGlobal
